
Microsoft Visual Studio Solution File, Format Version 12.00
# Visual Studio Version 17
VisualStudioVersion = 17.4.33213.308
MinimumVisualStudioVersion = 10.0.40219.1
Project("{FAE04EC0-301F-11D3-BF4B-00C04F79EFBC}") = "Mod5_1302210009", "Mod5_1302210009\Mod5_1302210009.csproj", "{71A57691-DCBD-4897-AC6D-AC5F41A4203B}"
EndProject
Global
	GlobalSection(SolutionConfigurationPlatforms) = preSolution
		Debug|Any CPU = Debug|Any CPU
		Release|Any CPU = Release|Any CPU
	EndGlobalSection
	GlobalSection(ProjectConfigurationPlatforms) = postSolution
		{71A57691-DCBD-4897-AC6D-AC5F41A4203B}.Debug|Any CPU.ActiveCfg = Debug|Any CPU
		{71A57691-DCBD-4897-AC6D-AC5F41A4203B}.Debug|Any CPU.Build.0 = Debug|Any CPU
		{71A57691-DCBD-4897-AC6D-AC5F41A4203B}.Release|Any CPU.ActiveCfg = Release|Any CPU
		{71A57691-DCBD-4897-AC6D-AC5F41A4203B}.Release|Any CPU.Build.0 = Release|Any CPU
	EndGlobalSection
	GlobalSection(SolutionProperties) = preSolution
		HideSolutionNode = FALSE
	EndGlobalSection
	GlobalSection(ExtensibilityGlobals) = postSolution
		SolutionGuid = {A999E6B7-B749-4673-9EE5-D67D093AC3FC}
	EndGlobalSection
EndGlobal
